{
  "name": "moduleSpecifiers",
  "version": "1.0.0",
  "lockfileVersion": 1,
  "requires": true,
  "dependencies": {
    "importmap-rollup-plugin": {
      "version": "git+https://github.com/marianc000/ImportMapRollupPlugin.git#17470f62f73bdc8b960d6c55d2964fc74d21afb5",
      "from": "git+https://github.com/marianc000/ImportMapRollupPlugin.git"
    }
  }
}
